Microsoft Visual Studio Solution File, Format Version 11.00
# Visual Studio 2008

Project("{8618E0FB-6B6F-B10C-25D1-8ECE72EEE5A5}") = "PipeTest", "Assembly-CSharp-firstpass.csproj", "{8955A732-06F2-43FE-C0BF-82D5DBB98F09}"
EndProject
Project("{8618E0FB-6B6F-B10C-25D1-8ECE72EEE5A5}") = "PipeTest", "Assembly-CSharp.csproj", "{BB66F7DA-09F5-CF3B-126D-8E23D1B215AF}"
EndProject
Project("{8618E0FB-6B6F-B10C-25D1-8ECE72EEE5A5}") = "PipeTest", "Assembly-CSharp-Editor.csproj", "{E11F0BE8-41C2-09EA-B836-EEC875E6EDA2}"
EndProject
Global
	GlobalSection(SolutionConfigurationPlatforms) = preSolution
		Debug|Any CPU = Debug|Any CPU
		Release|Any CPU = Release|Any CPU
	EndGlobalSection
	GlobalSection(ProjectConfigurationPlatforms) = postSolution
		{8955A732-06F2-43FE-C0BF-82D5DBB98F09}.Debug|Any CPU.ActiveCfg = Debug|Any CPU
		{8955A732-06F2-43FE-C0BF-82D5DBB98F09}.Debug|Any CPU.Build.0 = Debug|Any CPU
		{8955A732-06F2-43FE-C0BF-82D5DBB98F09}.Release|Any CPU.ActiveCfg = Release|Any CPU
		{8955A732-06F2-43FE-C0BF-82D5DBB98F09}.Release|Any CPU.Build.0 = Release|Any CPU
		{BB66F7DA-09F5-CF3B-126D-8E23D1B215AF}.Debug|Any CPU.ActiveCfg = Debug|Any CPU
		{BB66F7DA-09F5-CF3B-126D-8E23D1B215AF}.Debug|Any CPU.Build.0 = Debug|Any CPU
		{BB66F7DA-09F5-CF3B-126D-8E23D1B215AF}.Release|Any CPU.ActiveCfg = Release|Any CPU
		{BB66F7DA-09F5-CF3B-126D-8E23D1B215AF}.Release|Any CPU.Build.0 = Release|Any CPU
		{E11F0BE8-41C2-09EA-B836-EEC875E6EDA2}.Debug|Any CPU.ActiveCfg = Debug|Any CPU
		{E11F0BE8-41C2-09EA-B836-EEC875E6EDA2}.Debug|Any CPU.Build.0 = Debug|Any CPU
		{E11F0BE8-41C2-09EA-B836-EEC875E6EDA2}.Release|Any CPU.ActiveCfg = Release|Any CPU
		{E11F0BE8-41C2-09EA-B836-EEC875E6EDA2}.Release|Any CPU.Build.0 = Release|Any CPU
	EndGlobalSection
	GlobalSection(SolutionProperties) = preSolution
		HideSolutionNode = FALSE
	EndGlobalSection
																																																																																																																																	GlobalSection(MonoDevelopProperties) = preSolution
=======
																																																																																																														GlobalSection(MonoDevelopProperties) = preSolution
>>>>>>> 93c4986fb29b2c9df41542ff980a5d9e726716d5
		StartupItem = Assembly-CSharp.csproj
		Policies = $0
		$0.TextStylePolicy = $1
		$1.inheritsSet = null
		$1.scope = text/x-csharp
		$0.CSharpFormattingPolicy = $2
		$2.inheritsSet = Mono
		$2.inheritsScope = text/x-csharp
		$2.scope = text/x-csharp
		$0.TextStylePolicy = $3
		$3.FileWidth = 120
		$3.TabWidth = 4
		$3.IndentWidth = 4
		$3.EolMarker = Unix
		$3.inheritsSet = Mono
		$3.inheritsScope = text/plain
		$3.scope = text/plain
	EndGlobalSection

EndGlobal
